
Microsoft Visual Studio Solution File, Format Version 12.00
# Visual Studio 15
VisualStudioVersion = 15.0.28307.329
MinimumVisualStudioVersion = 10.0.40219.1
Project("{FAE04EC0-301F-11D3-BF4B-00C04F79EFBC}") = "gpsDemo.Android", "gpsDemo\gpsDemo.Android\gpsDemo.Android.csproj", "{04971994-0089-490E-91DE-6DA343D0B889}"
EndProject
Project("{FAE04EC0-301F-11D3-BF4B-00C04F79EFBC}") = "gpsDemo", "gpsDemo\gpsDemo\gpsDemo.csproj", "{17092FA0-00CF-4A72-A94B-C91C2179F527}"
EndProject
Global
	GlobalSection(SolutionConfigurationPlatforms) = preSolution
		Ad-Hoc|Any CPU = Ad-Hoc|Any CPU
		Ad-Hoc|iPhone = Ad-Hoc|iPhone
		Ad-Hoc|iPhoneSimulator = Ad-Hoc|iPhoneSimulator
		AppStore|Any CPU = AppStore|Any CPU
		AppStore|iPhone = AppStore|iPhone
		AppStore|iPhoneSimulator = AppStore|iPhoneSimulator
		Debug|Any CPU = Debug|Any CPU
		Debug|iPhone = Debug|iPhone
		Debug|iPhoneSimulator = Debug|iPhoneSimulator
		Release|Any CPU = Release|Any CPU
		Release|iPhone = Release|iPhone
		Release|iPhoneSimulator = Release|iPhoneSimulator
	EndGlobalSection
	GlobalSection(ProjectConfigurationPlatforms) = postSolution
		{04971994-0089-490E-91DE-6DA343D0B889}.Ad-Hoc|Any CPU.ActiveCfg = Release|Any CPU
		{04971994-0089-490E-91DE-6DA343D0B889}.Ad-Hoc|Any CPU.Build.0 = Release|Any CPU
		{04971994-0089-490E-91DE-6DA343D0B889}.Ad-Hoc|Any CPU.Deploy.0 = Release|Any CPU
		{04971994-0089-490E-91DE-6DA343D0B889}.Ad-Hoc|iPhone.ActiveCfg = Release|Any CPU
		{04971994-0089-490E-91DE-6DA343D0B889}.Ad-Hoc|iPhone.Build.0 = Release|Any CPU
		{04971994-0089-490E-91DE-6DA343D0B889}.Ad-Hoc|iPhone.Deploy.0 = Release|Any CPU
		{04971994-0089-490E-91DE-6DA343D0B889}.Ad-Hoc|iPhoneSimulator.ActiveCfg = Release|Any CPU
		{04971994-0089-490E-91DE-6DA343D0B889}.Ad-Hoc|iPhoneSimulator.Build.0 = Release|Any CPU
		{04971994-0089-490E-91DE-6DA343D0B889}.Ad-Hoc|iPhoneSimulator.Deploy.0 = Release|Any CPU
		{04971994-0089-490E-91DE-6DA343D0B889}.AppStore|Any CPU.ActiveCfg = Release|Any CPU
		{04971994-0089-490E-91DE-6DA343D0B889}.AppStore|Any CPU.Build.0 = Release|Any CPU
		{04971994-0089-490E-91DE-6DA343D0B889}.AppStore|Any CPU.Deploy.0 = Release|Any CPU
		{04971994-0089-490E-91DE-6DA343D0B889}.AppStore|iPhone.ActiveCfg = Release|Any CPU
		{04971994-0089-490E-91DE-6DA343D0B889}.AppStore|iPhone.Build.0 = Release|Any CPU
		{04971994-0089-490E-91DE-6DA343D0B889}.AppStore|iPhone.Deploy.0 = Release|Any CPU
		{04971994-0089-490E-91DE-6DA343D0B889}.AppStore|iPhoneSimulator.ActiveCfg = Release|Any CPU
		{04971994-0089-490E-91DE-6DA343D0B889}.AppStore|iPhoneSimulator.Build.0 = Release|Any CPU
		{04971994-0089-490E-91DE-6DA343D0B889}.AppStore|iPhoneSimulator.Deploy.0 = Release|Any CPU
		{04971994-0089-490E-91DE-6DA343D0B889}.Debug|Any CPU.ActiveCfg = Debug|Any CPU
		{04971994-0089-490E-91DE-6DA343D0B889}.Debug|Any CPU.Build.0 = Debug|Any CPU
		{04971994-0089-490E-91DE-6DA343D0B889}.Debug|Any CPU.Deploy.0 = Debug|Any CPU
		{04971994-0089-490E-91DE-6DA343D0B889}.Debug|iPhone.ActiveCfg = Debug|Any CPU
		{04971994-0089-490E-91DE-6DA343D0B889}.Debug|iPhone.Build.0 = Debug|Any CPU
		{04971994-0089-490E-91DE-6DA343D0B889}.Debug|iPhone.Deploy.0 = Debug|Any CPU
		{04971994-0089-490E-91DE-6DA343D0B889}.Debug|iPhoneSimulator.ActiveCfg = Debug|Any CPU
		{04971994-0089-490E-91DE-6DA343D0B889}.Debug|iPhoneSimulator.Build.0 = Debug|Any CPU
		{04971994-0089-490E-91DE-6DA343D0B889}.Debug|iPhoneSimulator.Deploy.0 = Debug|Any CPU
		{04971994-0089-490E-91DE-6DA343D0B889}.Release|Any CPU.ActiveCfg = Release|Any CPU
		{04971994-0089-490E-91DE-6DA343D0B889}.Release|Any CPU.Build.0 = Release|Any CPU
		{04971994-0089-490E-91DE-6DA343D0B889}.Release|Any CPU.Deploy.0 = Release|Any CPU
		{04971994-0089-490E-91DE-6DA343D0B889}.Release|iPhone.ActiveCfg = Release|Any CPU
		{04971994-0089-490E-91DE-6DA343D0B889}.Release|iPhone.Build.0 = Release|Any CPU
		{04971994-0089-490E-91DE-6DA343D0B889}.Release|iPhone.Deploy.0 = Release|Any CPU
		{04971994-0089-490E-91DE-6DA343D0B889}.Release|iPhoneSimulator.ActiveCfg = Release|Any CPU
		{04971994-0089-490E-91DE-6DA343D0B889}.Release|iPhoneSimulator.Build.0 = Release|Any CPU
		{04971994-0089-490E-91DE-6DA343D0B889}.Release|iPhoneSimulator.Deploy.0 = Release|Any CPU
		{17092FA0-00CF-4A72-A94B-C91C2179F527}.Ad-Hoc|Any CPU.ActiveCfg = Debug|Any CPU
		{17092FA0-00CF-4A72-A94B-C91C2179F527}.Ad-Hoc|Any CPU.Build.0 = Debug|Any CPU
		{17092FA0-00CF-4A72-A94B-C91C2179F527}.Ad-Hoc|Any CPU.Deploy.0 = Debug|Any CPU
		{17092FA0-00CF-4A72-A94B-C91C2179F527}.Ad-Hoc|iPhone.ActiveCfg = Debug|Any CPU
		{17092FA0-00CF-4A72-A94B-C91C2179F527}.Ad-Hoc|iPhone.Build.0 = Debug|Any CPU
		{17092FA0-00CF-4A72-A94B-C91C2179F527}.Ad-Hoc|iPhone.Deploy.0 = Debug|Any CPU
		{17092FA0-00CF-4A72-A94B-C91C2179F527}.Ad-Hoc|iPhoneSimulator.ActiveCfg = Debug|Any CPU
		{17092FA0-00CF-4A72-A94B-C91C2179F527}.Ad-Hoc|iPhoneSimulator.Build.0 = Debug|Any CPU
		{17092FA0-00CF-4A72-A94B-C91C2179F527}.Ad-Hoc|iPhoneSimulator.Deploy.0 = Debug|Any CPU
		{17092FA0-00CF-4A72-A94B-C91C2179F527}.AppStore|Any CPU.ActiveCfg = Debug|Any CPU
		{17092FA0-00CF-4A72-A94B-C91C2179F527}.AppStore|Any CPU.Build.0 = Debug|Any CPU
		{17092FA0-00CF-4A72-A94B-C91C2179F527}.AppStore|Any CPU.Deploy.0 = Debug|Any CPU
		{17092FA0-00CF-4A72-A94B-C91C2179F527}.AppStore|iPhone.ActiveCfg = Debug|Any CPU
		{17092FA0-00CF-4A72-A94B-C91C2179F527}.AppStore|iPhone.Build.0 = Debug|Any CPU
		{17092FA0-00CF-4A72-A94B-C91C2179F527}.AppStore|iPhone.Deploy.0 = Debug|Any CPU
		{17092FA0-00CF-4A72-A94B-C91C2179F527}.AppStore|iPhoneSimulator.ActiveCfg = Debug|Any CPU
		{17092FA0-00CF-4A72-A94B-C91C2179F527}.AppStore|iPhoneSimulator.Build.0 = Debug|Any CPU
		{17092FA0-00CF-4A72-A94B-C91C2179F527}.AppStore|iPhoneSimulator.Deploy.0 = Debug|Any CPU
		{17092FA0-00CF-4A72-A94B-C91C2179F527}.Debug|Any CPU.ActiveCfg = Debug|Any CPU
		{17092FA0-00CF-4A72-A94B-C91C2179F527}.Debug|Any CPU.Build.0 = Debug|Any CPU
		{17092FA0-00CF-4A72-A94B-C91C2179F527}.Debug|Any CPU.Deploy.0 = Debug|Any CPU
		{17092FA0-00CF-4A72-A94B-C91C2179F527}.Debug|iPhone.ActiveCfg = Debug|Any CPU
		{17092FA0-00CF-4A72-A94B-C91C2179F527}.Debug|iPhone.Build.0 = Debug|Any CPU
		{17092FA0-00CF-4A72-A94B-C91C2179F527}.Debug|iPhone.Deploy.0 = Debug|Any CPU
		{17092FA0-00CF-4A72-A94B-C91C2179F527}.Debug|iPhoneSimulator.ActiveCfg = Debug|Any CPU
		{17092FA0-00CF-4A72-A94B-C91C2179F527}.Debug|iPhoneSimulator.Build.0 = Debug|Any CPU
		{17092FA0-00CF-4A72-A94B-C91C2179F527}.Debug|iPhoneSimulator.Deploy.0 = Debug|Any CPU
		{17092FA0-00CF-4A72-A94B-C91C2179F527}.Release|Any CPU.ActiveCfg = Release|Any CPU
		{17092FA0-00CF-4A72-A94B-C91C2179F527}.Release|Any CPU.Build.0 = Release|Any CPU
		{17092FA0-00CF-4A72-A94B-C91C2179F527}.Release|Any CPU.Deploy.0 = Release|Any CPU
		{17092FA0-00CF-4A72-A94B-C91C2179F527}.Release|iPhone.ActiveCfg = Release|Any CPU
		{17092FA0-00CF-4A72-A94B-C91C2179F527}.Release|iPhone.Build.0 = Release|Any CPU
		{17092FA0-00CF-4A72-A94B-C91C2179F527}.Release|iPhone.Deploy.0 = Release|Any CPU
		{17092FA0-00CF-4A72-A94B-C91C2179F527}.Release|iPhoneSimulator.ActiveCfg = Release|Any CPU
		{17092FA0-00CF-4A72-A94B-C91C2179F527}.Release|iPhoneSimulator.Build.0 = Release|Any CPU
		{17092FA0-00CF-4A72-A94B-C91C2179F527}.Release|iPhoneSimulator.Deploy.0 = Release|Any CPU
	EndGlobalSection
	GlobalSection(SolutionProperties) = preSolution
		HideSolutionNode = FALSE
	EndGlobalSection
	GlobalSection(ExtensibilityGlobals) = postSolution
		SolutionGuid = {B956207C-EC5F-41AB-B7ED-DBE510CF87EE}
	EndGlobalSection
EndGlobal
